
Microsoft Visual Studio Solution File, Format Version 12.00
# Visual Studio Version 17
VisualStudioVersion = 17.0.31903.59
MinimumVisualStudioVersion = 10.0.40219.1
Project("{FAE04EC0-301F-11D3-BF4B-00C04F79EFBC}") = "Golux.Api", "Golux.Api\Golux.Api.csproj", "{9AEDE1AD-6BDF-4531-BAE6-A587821CD127}"
EndProject
Project("{FAE04EC0-301F-11D3-BF4B-00C04F79EFBC}") = "Golux.Application", "Golux.Application\Golux.Application.csproj", "{9BFF72CF-5793-4652-A34E-0BB82D0CA5EE}"
EndProject
Project("{FAE04EC0-301F-11D3-BF4B-00C04F79EFBC}") = "Golux.Domain", "Golux.Domain\Golux.Domain.csproj", "{DA11F7A7-2FD4-4447-AE84-DE592D6DD7D9}"
EndProject
Project("{FAE04EC0-301F-11D3-BF4B-00C04F79EFBC}") = "Golux.Infrastructure", "Golux.Infrastructure\Golux.Infrastructure.csproj", "{2E74211F-2191-4FCC-9EE1-E4FD68492DED}"
EndProject
Global
	GlobalSection(SolutionConfigurationPlatforms) = preSolution
		Debug|Any CPU = Debug|Any CPU
		Release|Any CPU = Release|Any CPU
	EndGlobalSection
	GlobalSection(SolutionProperties) = preSolution
		HideSolutionNode = FALSE
	EndGlobalSection
	GlobalSection(ProjectConfigurationPlatforms) = postSolution
		{9AEDE1AD-6BDF-4531-BAE6-A587821CD127}.Debug|Any CPU.ActiveCfg = Debug|Any CPU
		{9AEDE1AD-6BDF-4531-BAE6-A587821CD127}.Debug|Any CPU.Build.0 = Debug|Any CPU
		{9AEDE1AD-6BDF-4531-BAE6-A587821CD127}.Release|Any CPU.ActiveCfg = Release|Any CPU
		{9AEDE1AD-6BDF-4531-BAE6-A587821CD127}.Release|Any CPU.Build.0 = Release|Any CPU
		{9BFF72CF-5793-4652-A34E-0BB82D0CA5EE}.Debug|Any CPU.ActiveCfg = Debug|Any CPU
		{9BFF72CF-5793-4652-A34E-0BB82D0CA5EE}.Debug|Any CPU.Build.0 = Debug|Any CPU
		{9BFF72CF-5793-4652-A34E-0BB82D0CA5EE}.Release|Any CPU.ActiveCfg = Release|Any CPU
		{9BFF72CF-5793-4652-A34E-0BB82D0CA5EE}.Release|Any CPU.Build.0 = Release|Any CPU
		{DA11F7A7-2FD4-4447-AE84-DE592D6DD7D9}.Debug|Any CPU.ActiveCfg = Debug|Any CPU
		{DA11F7A7-2FD4-4447-AE84-DE592D6DD7D9}.Debug|Any CPU.Build.0 = Debug|Any CPU
		{DA11F7A7-2FD4-4447-AE84-DE592D6DD7D9}.Release|Any CPU.ActiveCfg = Release|Any CPU
		{DA11F7A7-2FD4-4447-AE84-DE592D6DD7D9}.Release|Any CPU.Build.0 = Release|Any CPU
		{2E74211F-2191-4FCC-9EE1-E4FD68492DED}.Debug|Any CPU.ActiveCfg = Debug|Any CPU
		{2E74211F-2191-4FCC-9EE1-E4FD68492DED}.Debug|Any CPU.Build.0 = Debug|Any CPU
		{2E74211F-2191-4FCC-9EE1-E4FD68492DED}.Release|Any CPU.ActiveCfg = Release|Any CPU
		{2E74211F-2191-4FCC-9EE1-E4FD68492DED}.Release|Any CPU.Build.0 = Release|Any CPU
	EndGlobalSection
EndGlobal
